<?xml version="1.0" encoding="utf-8"?>
<Project ToolsVersion="4.0" xmlns="http://schemas.microsoft.com/developer/msbuild/2003">
  <ItemGroup>
    <ClCompile Include="..\standalone-main.c" />
  </ItemGroup>
  <ItemGroup>
    <Resource Include="cvibuild.AMC4030-CVI-frontend\Debug64\resources.res" />
    <Resource Include="cvibuild.AMC4030-CVI-frontend\Release64\resources.res" />
    <Resource Include="cvibuild.AMC4030-CVI-frontend\Debug\resources.res" />
    <Resource Include="cvibuild.AMC4030-CVI-frontend\Release\resources.res" />
  </ItemGroup>
</Project>